
Microsoft Visual Studio Solution File, Format Version 12.00
# Visual Studio Version 16
VisualStudioVersion = 16.0.31019.35
MinimumVisualStudioVersion = 10.0.40219.1
Project("{FAE04EC0-301F-11D3-BF4B-00C04F79EFBC}") = "CrearOtro-Regitro-Con-Detalle", "CrearOtro-Regitro-Con-Detalle.csproj", "{FBCD30A0-A59E-4EFC-B1AA-65CB0B7964FC}"
EndProject
Global
	GlobalSection(SolutionConfigurationPlatforms) = preSolution
		Debug|Any CPU = Debug|Any CPU
		Release|Any CPU = Release|Any CPU
	EndGlobalSection
	GlobalSection(ProjectConfigurationPlatforms) = postSolution
		{FBCD30A0-A59E-4EFC-B1AA-65CB0B7964FC}.Debug|Any CPU.ActiveCfg = Debug|Any CPU
		{FBCD30A0-A59E-4EFC-B1AA-65CB0B7964FC}.Debug|Any CPU.Build.0 = Debug|Any CPU
		{FBCD30A0-A59E-4EFC-B1AA-65CB0B7964FC}.Release|Any CPU.ActiveCfg = Release|Any CPU
		{FBCD30A0-A59E-4EFC-B1AA-65CB0B7964FC}.Release|Any CPU.Build.0 = Release|Any CPU
	EndGlobalSection
	GlobalSection(SolutionProperties) = preSolution
		HideSolutionNode = FALSE
	EndGlobalSection
	GlobalSection(ExtensibilityGlobals) = postSolution
		SolutionGuid = {B792E7F7-09F4-439A-83DA-8BF1C99EC1ED}
	EndGlobalSection
EndGlobal
